// !$*UTF8*$!
{
	archiveVersion = 1;
	classes = {
	};
	objectVersion = 54;
	objects = {

/* Begin PBXBuildFile section */
		1498D2341E8E89220040F4C2 /* GeneratedPluginRegistrant.m in Sources */ = {isa = PBXBuildFile; fileRef = 1498D2331E8E89220040F4C2 /* GeneratedPluginRegistrant.m */; };
		22B65E643F3B3880E0462760 /* Pods_RunnerTests.framework in Frameworks */ = {isa = PBXBuildFile; fileRef = 11FACF263D4D941F992D9A59 /* Pods_RunnerTests.framework */; };
		331C808B294A63AB00263BE5 /* RunnerTests.swift in Sources */ = {isa = PBXBuildFile; fileRef = 331C807B294A618700263BE5 /* RunnerTests.swift */; };
		3B3967161E833CAA004F5970 /* AppFrameworkInfo.plist in Resources */ = {isa = PBXBuildFile; fileRef = 3B3967151E833CAA004F5970 /* AppFrameworkInfo.plist */; };
		487CDC4AB0E11B8843CF8AFD /* Pods_Runner.framework in Frameworks */ = {isa = PBXBuildFile; fileRef = 7963B03BE8EE928D8EBB2211 /* Pods_Runner.framework */; };
		74858FAF1ED2DC5600515810 /* AppDelegate.swift in Sources */ = {isa = PBXBuildFile; fileRef = 74858FAE1ED2DC5600515810 /* AppDelegate.swift */; };
		97C146FC1CF9000F007C117D /* Main.storyboard in Resources */ = {isa = PBXBuildFile; fileRef = 97C146FA1CF9000F007C117D /* Main.storyboard */; };
		97C146FE1CF9000F007C117D /* Assets.xcassets in Resources */ = {isa = PBXBuildFile; fileRef = 97C146FD1CF9000F007C117D /* Assets.xcassets */; };
		97C147011CF9000F007C117D /* LaunchScreen.storyboard in Resources */ = {isa = PBXBuildFile; fileRef = 97C146FF1CF9000F007C117D /* LaunchScreen.storyboard */; };
		DE078B3994C5D872EA4438E3 /* GoogleService-Info.plist in Resources */ = {isa = PBXBuildFile; fileRef = A873571A9A0AD951E76C4E8F /* GoogleService-Info.plist */; };
		FC3761242BA403510043B650 /* ContinuousModeManager.swift in Sources */ = {isa = PBXBuildFile; fileRef = FC3761232BA403510043B650 /* ContinuousModeManager.swift */; };
		FC3A20062B2CC3FB0043AAB1 /* Socket.swift in Sources */ = {isa = PBXBuildFile; fileRef = FC3A20052B2CC3FB0043AAB1 /* Socket.swift */; };
		FC3A20092B2CCE570043AAB1 /* Extensions.swift in Sources */ = {isa = PBXBuildFile; fileRef = FC3A20082B2CCE570043AAB1 /* Extensions.swift */; };
		FC4BD84B2DAEDEA1003B4481 /* DeeplTranslation.swift in Sources */ = {isa = PBXBuildFile; fileRef = FC4BD84A2DAEDE94003B4481 /* DeeplTranslation.swift */; };
		FC502AAA2B2B94DF002A8D8A /* ImageProcessor.swift in Sources */ = {isa = PBXBuildFile; fileRef = FC502AA92B2B94DF002A8D8A /* ImageProcessor.swift */; };
		FC502AAC2B2B9C74002A8D8A /* Helper.swift in Sources */ = {isa = PBXBuildFile; fileRef = FC502AAB2B2B9C74002A8D8A /* Helper.swift */; };
		FC502AAE2B2B9C82002A8D8A /* SpeechManager.swift in Sources */ = {isa = PBXBuildFile; fileRef = FC502AAD2B2B9C82002A8D8A /* SpeechManager.swift */; };
		FC87975C2B44912800E97D03 /* TraslatorManager.swift in Sources */ = {isa = PBXBuildFile; fileRef = FC87975B2B44912800E97D03 /* TraslatorManager.swift */; };
		FC87CF612B43B8180058FD59 /* AppUserDefault.swift in Sources */ = {isa = PBXBuildFile; fileRef = FC87CF602B43B8180058FD59 /* AppUserDefault.swift */; };
		FC9829872DA117C300ED0840 /* VoiceChatBotManager.swift in Sources */ = {isa = PBXBuildFile; fileRef = FC9829852DA117C300ED0840 /* VoiceChatBotManager.swift */; };
		FC9E4C912D43453F0010AAA7 /* SeekrVNTextDetection.swift in Sources */ = {isa = PBXBuildFile; fileRef = FC9E4C902D43452E0010AAA7 /* SeekrVNTextDetection.swift */; };
		FC9EB04E2B3B66BC001DD06F /* TextRecognition.swift in Sources */ = {isa = PBXBuildFile; fileRef = FC9EB04D2B3B66BC001DD06F /* TextRecognition.swift */; };
		FCB987D82DEA8DD9000E5FA8 /* DevelopmentUtility.swift in Sources */ = {isa = PBXBuildFile; fileRef = FCB987D72DEA8DD9000E5FA8 /* DevelopmentUtility.swift */; };
		FCB9885D2DEA92B6000E5FA8 /* SocketAnnouncementUtility.swift in Sources */ = {isa = PBXBuildFile; fileRef = FCB9885C2DEA92A8000E5FA8 /* SocketAnnouncementUtility.swift */; };
		FCB9885F2DEA92ED000E5FA8 /* MuseumMode.swift in Sources */ = {isa = PBXBuildFile; fileRef = FCB9885E2DEA92E8000E5FA8 /* MuseumMode.swift */; };
		FCB988B32DEA976D000E5FA8 /* StaticTranslation.swift in Sources */ = {isa = PBXBuildFile; fileRef = FCB988B22DEA9765000E5FA8 /* StaticTranslation.swift */; };
		FCC0A59E2D23EE37000E4F79 /* CameraStreamHandler.swift in Sources */ = {isa = PBXBuildFile; fileRef = FCC0A59D2D23EE37000E4F79 /* CameraStreamHandler.swift */; };
		FCC120AE2B35BD1C003FADF6 /* DeviceMode.swift in Sources */ = {isa = PBXBuildFile; fileRef = FCC120AC2B35BD1C003FADF6 /* DeviceMode.swift */; };
		FCC120AF2B35BD1C003FADF6 /* DeviceAction.swift in Sources */ = {isa = PBXBuildFile; fileRef = FCC120AD2B35BD1C003FADF6 /* DeviceAction.swift */; };
		FCC120B32B35BD3A003FADF6 /* socket_helper.mp3 in Resources */ = {isa = PBXBuildFile; fileRef = FCC120B02B35BD3A003FADF6 /* socket_helper.mp3 */; };
		FCC120B42B35BD3A003FADF6 /* AudioPlayerManager.swift in Sources */ = {isa = PBXBuildFile; fileRef = FCC120B12B35BD3A003FADF6 /* AudioPlayerManager.swift */; };
		FCC120B52B35BD3A003FADF6 /* processing.mp3 in Resources */ = {isa = PBXBuildFile; fileRef = FCC120B22B35BD3A003FADF6 /* processing.mp3 */; };
		FCC34A2B2D3E8F2400C5ED9E /* SeekrAutoTextViewController.swift in Sources */ = {isa = PBXBuildFile; fileRef = FCC34A2A2D3E8F2400C5ED9E /* SeekrAutoTextViewController.swift */; };
		FCDBE2CA2DD317F10009A90F /* AnnouncementUtility.swift in Sources */ = {isa = PBXBuildFile; fileRef = FCDBE2C92DD316940009A90F /* AnnouncementUtility.swift */; };
		FCE5F3892CDC7BF200E65AED /* NetworkMonitor.swift in Sources */ = {isa = PBXBuildFile; fileRef = FCE5F3882CDC7BF200E65AED /* NetworkMonitor.swift */; };
		FCF283092D9468E00037341E /* MuseumIterator.swift in Sources */ = {isa = PBXBuildFile; fileRef = FCF283082D9468DA0037341E /* MuseumIterator.swift */; };
		FCF68F142B2CBAE4009FC022 /* SocketManager.swift in Sources */ = {isa = PBXBuildFile; fileRef = FCF68F132B2CBAE4009FC022 /* SocketManager.swift */; };
/* End PBXBuildFile section */

/* Begin PBXContainerItemProxy section */
		331C8085294A63A400263BE5 /* PBXContainerItemProxy */ = {
			isa = PBXContainerItemProxy;
			containerPortal = 97C146E61CF9000F007C117D /* Project object */;
			proxyType = 1;
			remoteGlobalIDString = 97C146ED1CF9000F007C117D;
			remoteInfo = Runner;
		};
/* End PBXContainerItemProxy section */

/* Begin PBXCopyFilesBuildPhase section */
		9705A1C41CF9048500538489 /* Embed Frameworks */ = {
			isa = PBXCopyFilesBuildPhase;
			buildActionMask = 2147483647;
			dstPath = "";
			dstSubfolderSpec = 10;
			files = (
			);
			name = "Embed Frameworks";
			runOnlyForDeploymentPostprocessing = 0;
		};
/* End PBXCopyFilesBuildPhase section */

/* Begin PBXFileReference section */
		11FACF263D4D941F992D9A59 /* Pods_RunnerTests.framework */ = {isa = PBXFileReference; explicitFileType = wrapper.framework; includeInIndex = 0; path = Pods_RunnerTests.framework; sourceTree = BUILT_PRODUCTS_DIR; };
		1498D2321E8E86230040F4C2 /* GeneratedPluginRegistrant.h */ = {isa = PBXFileReference; lastKnownFileType = sourcecode.c.h; path = GeneratedPluginRegistrant.h; sourceTree = "<group>"; };
		1498D2331E8E89220040F4C2 /* GeneratedPluginRegistrant.m */ = {isa = PBXFileReference; fileEncoding = 4; lastKnownFileType = sourcecode.c.objc; path = GeneratedPluginRegistrant.m; sourceTree = "<group>"; };
		331C807B294A618700263BE5 /* RunnerTests.swift */ = {isa = PBXFileReference; lastKnownFileType = sourcecode.swift; path = RunnerTests.swift; sourceTree = "<group>"; };
		331C8081294A63A400263BE5 /* RunnerTests.xctest */ = {isa = PBXFileReference; explicitFileType = wrapper.cfbundle; includeInIndex = 0; path = RunnerTests.xctest; sourceTree = BUILT_PRODUCTS_DIR; };
		3B3967151E833CAA004F5970 /* AppFrameworkInfo.plist */ = {isa = PBXFileReference; fileEncoding = 4; lastKnownFileType = text.plist.xml; name = AppFrameworkInfo.plist; path = Flutter/AppFrameworkInfo.plist; sourceTree = "<group>"; };
		41006375F71BF00259CBE365 /* Pods-Runner.profile.xcconfig */ = {isa = PBXFileReference; includeInIndex = 1; lastKnownFileType = text.xcconfig; name = "Pods-Runner.profile.xcconfig"; path = "Target Support Files/Pods-Runner/Pods-Runner.profile.xcconfig"; sourceTree = "<group>"; };
		5D299AB9193F75C1B9E42810 /* Pods-RunnerTests.debug.xcconfig */ = {isa = PBXFileReference; includeInIndex = 1; lastKnownFileType = text.xcconfig; name = "Pods-RunnerTests.debug.xcconfig"; path = "Target Support Files/Pods-RunnerTests/Pods-RunnerTests.debug.xcconfig"; sourceTree = "<group>"; };
		74858FAD1ED2DC5600515810 /* Runner-Bridging-Header.h */ = {isa = PBXFileReference; lastKnownFileType = sourcecode.c.h; path = "Runner-Bridging-Header.h"; sourceTree = "<group>"; };
		74858FAE1ED2DC5600515810 /* AppDelegate.swift */ = {isa = PBXFileReference; fileEncoding = 4; lastKnownFileType = sourcecode.swift; path = AppDelegate.swift; sourceTree = "<group>"; };
		7963B03BE8EE928D8EBB2211 /* Pods_Runner.framework */ = {isa = PBXFileReference; explicitFileType = wrapper.framework; includeInIndex = 0; path = Pods_Runner.framework; sourceTree = BUILT_PRODUCTS_DIR; };
		7AFA3C8E1D35360C0083082E /* Release.xcconfig */ = {isa = PBXFileReference; lastKnownFileType = text.xcconfig; name = Release.xcconfig; path = Flutter/Release.xcconfig; sourceTree = "<group>"; };
		9740EEB21CF90195004384FC /* Debug.xcconfig */ = {isa = PBXFileReference; fileEncoding = 4; lastKnownFileType = text.xcconfig; name = Debug.xcconfig; path = Flutter/Debug.xcconfig; sourceTree = "<group>"; };
		9740EEB31CF90195004384FC /* Generated.xcconfig */ = {isa = PBXFileReference; fileEncoding = 4; lastKnownFileType = text.xcconfig; name = Generated.xcconfig; path = Flutter/Generated.xcconfig; sourceTree = "<group>"; };
		97C146EE1CF9000F007C117D /* Runner.app */ = {isa = PBXFileReference; explicitFileType = wrapper.application; includeInIndex = 0; path = Runner.app; sourceTree = BUILT_PRODUCTS_DIR; };
		97C146FB1CF9000F007C117D /* Base */ = {isa = PBXFileReference; lastKnownFileType = file.storyboard; name = Base; path = Base.lproj/Main.storyboard; sourceTree = "<group>"; };
		97C146FD1CF9000F007C117D /* Assets.xcassets */ = {isa = PBXFileReference; lastKnownFileType = folder.assetcatalog; path = Assets.xcassets; sourceTree = "<group>"; };
		97C147001CF9000F007C117D /* Base */ = {isa = PBXFileReference; lastKnownFileType = file.storyboard; name = Base; path = Base.lproj/LaunchScreen.storyboard; sourceTree = "<group>"; };
		97C147021CF9000F007C117D /* Info.plist */ = {isa = PBXFileReference; lastKnownFileType = text.plist.xml; path = Info.plist; sourceTree = "<group>"; };
		A873571A9A0AD951E76C4E8F /* GoogleService-Info.plist */ = {isa = PBXFileReference; includeInIndex = 1; lastKnownFileType = text.plist.xml; path = "GoogleService-Info.plist"; sourceTree = "<group>"; };
		B0FA759C1F58442E3A972E30 /* Pods-Runner.debug.xcconfig */ = {isa = PBXFileReference; includeInIndex = 1; lastKnownFileType = text.xcconfig; name = "Pods-Runner.debug.xcconfig"; path = "Target Support Files/Pods-Runner/Pods-Runner.debug.xcconfig"; sourceTree = "<group>"; };
		E1B9DA8838B24279B4A03D5D /* Pods-RunnerTests.profile.xcconfig */ = {isa = PBXFileReference; includeInIndex = 1; lastKnownFileType = text.xcconfig; name = "Pods-RunnerTests.profile.xcconfig"; path = "Target Support Files/Pods-RunnerTests/Pods-RunnerTests.profile.xcconfig"; sourceTree = "<group>"; };
		F4F6483EEFB60CF3DCF41B45 /* Pods-Runner.release.xcconfig */ = {isa = PBXFileReference; includeInIndex = 1; lastKnownFileType = text.xcconfig; name = "Pods-Runner.release.xcconfig"; path = "Target Support Files/Pods-Runner/Pods-Runner.release.xcconfig"; sourceTree = "<group>"; };
		FB48B20528B9D25F5DEBEA97 /* Pods-RunnerTests.release.xcconfig */ = {isa = PBXFileReference; includeInIndex = 1; lastKnownFileType = text.xcconfig; name = "Pods-RunnerTests.release.xcconfig"; path = "Target Support Files/Pods-RunnerTests/Pods-RunnerTests.release.xcconfig"; sourceTree = "<group>"; };
		FC3761232BA403510043B650 /* ContinuousModeManager.swift */ = {isa = PBXFileReference; lastKnownFileType = sourcecode.swift; path = ContinuousModeManager.swift; sourceTree = "<group>"; };
		FC3A20052B2CC3FB0043AAB1 /* Socket.swift */ = {isa = PBXFileReference; lastKnownFileType = sourcecode.swift; path = Socket.swift; sourceTree = "<group>"; };
		FC3A20082B2CCE570043AAB1 /* Extensions.swift */ = {isa = PBXFileReference; lastKnownFileType = sourcecode.swift; path = Extensions.swift; sourceTree = "<group>"; };
		FC4BD84A2DAEDE94003B4481 /* DeeplTranslation.swift */ = {isa = PBXFileReference; lastKnownFileType = sourcecode.swift; path = DeeplTranslation.swift; sourceTree = "<group>"; };
		FC502AA92B2B94DF002A8D8A /* ImageProcessor.swift */ = {isa = PBXFileReference; lastKnownFileType = sourcecode.swift; path = ImageProcessor.swift; sourceTree = "<group>"; };
		FC502AAB2B2B9C74002A8D8A /* Helper.swift */ = {isa = PBXFileReference; lastKnownFileType = sourcecode.swift; path = Helper.swift; sourceTree = "<group>"; };
		FC502AAD2B2B9C82002A8D8A /* SpeechManager.swift */ = {isa = PBXFileReference; fileEncoding = 4; lastKnownFileType = sourcecode.swift; path = SpeechManager.swift; sourceTree = "<group>"; };
		FC77BD2E2D0A1D3C00208A89 /* Runner.entitlements */ = {isa = PBXFileReference; lastKnownFileType = text.plist.entitlements; path = Runner.entitlements; sourceTree = "<group>"; };
		FC87975B2B44912800E97D03 /* TraslatorManager.swift */ = {isa = PBXFileReference; lastKnownFileType = sourcecode.swift; path = TraslatorManager.swift; sourceTree = "<group>"; };
		FC87CF602B43B8180058FD59 /* AppUserDefault.swift */ = {isa = PBXFileReference; fileEncoding = 4; lastKnownFileType = sourcecode.swift; path = AppUserDefault.swift; sourceTree = "<group>"; };
		FC9829852DA117C300ED0840 /* VoiceChatBotManager.swift */ = {isa = PBXFileReference; lastKnownFileType = sourcecode.swift; path = VoiceChatBotManager.swift; sourceTree = "<group>"; };
		FC9E4C902D43452E0010AAA7 /* SeekrVNTextDetection.swift */ = {isa = PBXFileReference; lastKnownFileType = sourcecode.swift; path = SeekrVNTextDetection.swift; sourceTree = "<group>"; };
		FC9EB04D2B3B66BC001DD06F /* TextRecognition.swift */ = {isa = PBXFileReference; lastKnownFileType = sourcecode.swift; path = TextRecognition.swift; sourceTree = "<group>"; };
		FCB987D72DEA8DD9000E5FA8 /* DevelopmentUtility.swift */ = {isa = PBXFileReference; lastKnownFileType = sourcecode.swift; path = DevelopmentUtility.swift; sourceTree = "<group>"; };
		FCB9885C2DEA92A8000E5FA8 /* SocketAnnouncementUtility.swift */ = {isa = PBXFileReference; lastKnownFileType = sourcecode.swift; path = SocketAnnouncementUtility.swift; sourceTree = "<group>"; };
		FCB9885E2DEA92E8000E5FA8 /* MuseumMode.swift */ = {isa = PBXFileReference; lastKnownFileType = sourcecode.swift; path = MuseumMode.swift; sourceTree = "<group>"; };
		FCB988B22DEA9765000E5FA8 /* StaticTranslation.swift */ = {isa = PBXFileReference; lastKnownFileType = sourcecode.swift; path = StaticTranslation.swift; sourceTree = "<group>"; };
		FCC0A59D2D23EE37000E4F79 /* CameraStreamHandler.swift */ = {isa = PBXFileReference; lastKnownFileType = sourcecode.swift; path = CameraStreamHandler.swift; sourceTree = "<group>"; };
		FCC120AC2B35BD1C003FADF6 /* DeviceMode.swift */ = {isa = PBXFileReference; fileEncoding = 4; lastKnownFileType = sourcecode.swift; path = DeviceMode.swift; sourceTree = "<group>"; };
		FCC120AD2B35BD1C003FADF6 /* DeviceAction.swift */ = {isa = PBXFileReference; fileEncoding = 4; lastKnownFileType = sourcecode.swift; path = DeviceAction.swift; sourceTree = "<group>"; };
		FCC120B02B35BD3A003FADF6 /* socket_helper.mp3 */ = {isa = PBXFileReference; lastKnownFileType = audio.mp3; path = socket_helper.mp3; sourceTree = "<group>"; };
		FCC120B12B35BD3A003FADF6 /* AudioPlayerManager.swift */ = {isa = PBXFileReference; fileEncoding = 4; lastKnownFileType = sourcecode.swift; path = AudioPlayerManager.swift; sourceTree = "<group>"; };
		FCC120B22B35BD3A003FADF6 /* processing.mp3 */ = {isa = PBXFileReference; lastKnownFileType = audio.mp3; path = processing.mp3; sourceTree = "<group>"; };
		FCC34A2A2D3E8F2400C5ED9E /* SeekrAutoTextViewController.swift */ = {isa = PBXFileReference; lastKnownFileType = sourcecode.swift; path = SeekrAutoTextViewController.swift; sourceTree = "<group>"; };
		FCDBE2C92DD316940009A90F /* AnnouncementUtility.swift */ = {isa = PBXFileReference; lastKnownFileType = sourcecode.swift; path = AnnouncementUtility.swift; sourceTree = "<group>"; };
		FCE5F3882CDC7BF200E65AED /* NetworkMonitor.swift */ = {isa = PBXFileReference; lastKnownFileType = sourcecode.swift; path = NetworkMonitor.swift; sourceTree = "<group>"; };
		FCF283082D9468DA0037341E /* MuseumIterator.swift */ = {isa = PBXFileReference; lastKnownFileType = sourcecode.swift; path = MuseumIterator.swift; sourceTree = "<group>"; };
		FCF68F132B2CBAE4009FC022 /* SocketManager.swift */ = {isa = PBXFileReference; fileEncoding = 4; lastKnownFileType = sourcecode.swift; path = SocketManager.swift; sourceTree = "<group>"; };
/* End PBXFileReference section */

/* Begin PBXFileSystemSynchronizedRootGroup section */
		FC6DF1AF2D60CB2300EB2AFC /* ObstacleAvoidance */ = {isa = PBXFileSystemSynchronizedRootGroup; explicitFileTypes = {}; explicitFolders = (); path = ObstacleAvoidance; sourceTree = "<group>"; };
		FCC0A5A12D23EE71000E4F79 /* Models */ = {isa = PBXFileSystemSynchronizedRootGroup; explicitFileTypes = {}; explicitFolders = (); path = Models; sourceTree = "<group>"; };
		FCC0A5A22D23EEA5000E4F79 /* BusDetection */ = {isa = PBXFileSystemSynchronizedRootGroup; explicitFileTypes = {}; explicitFolders = (); path = BusDetection; sourceTree = "<group>"; };
		FCC0A5AD2D23F9CD000E4F79 /* MLUtility */ = {isa = PBXFileSystemSynchronizedRootGroup; explicitFileTypes = {}; explicitFolders = (); path = MLUtility; sourceTree = "<group>"; };
		FCED8EEB2D6C89BA004ECC26 /* TestData */ = {isa = PBXFileSystemSynchronizedRootGroup; explicitFileTypes = {}; explicitFolders = (); path = TestData; sourceTree = "<group>"; };
		FCFCD77A2D88CF9E00760F59 /* ModelManager */ = {isa = PBXFileSystemSynchronizedRootGroup; explicitFileTypes = {}; explicitFolders = (); path = ModelManager; sourceTree = "<group>"; };
/* End PBXFileSystemSynchronizedRootGroup section */

/* Begin PBXFrameworksBuildPhase section */
		97C146EB1CF9000F007C117D /* Frameworks */ = {
			isa = PBXFrameworksBuildPhase;
			buildActionMask = 2147483647;
			files = (
				487CDC4AB0E11B8843CF8AFD /* Pods_Runner.framework in Frameworks */,
			);
			runOnlyForDeploymentPostprocessing = 0;
		};
		D2703F47D4EFB54573E69AB9 /* Frameworks */ = {
			isa = PBXFrameworksBuildPhase;
			buildActionMask = 2147483647;
			files = (
				22B65E643F3B3880E0462760 /* Pods_RunnerTests.framework in Frameworks */,
			);
			runOnlyForDeploymentPostprocessing = 0;
		};
/* End PBXFrameworksBuildPhase section */

/* Begin PBXGroup section */
		331C8082294A63A400263BE5 /* RunnerTests */ = {
			isa = PBXGroup;
			children = (
				331C807B294A618700263BE5 /* RunnerTests.swift */,
			);
			path = RunnerTests;
			sourceTree = "<group>";
		};
		3C71F43D1F34379815C0A10E /* Frameworks */ = {
			isa = PBXGroup;
			children = (
				7963B03BE8EE928D8EBB2211 /* Pods_Runner.framework */,
				11FACF263D4D941F992D9A59 /* Pods_RunnerTests.framework */,
			);
			name = Frameworks;
			sourceTree = "<group>";
		};
		9740EEB11CF90186004384FC /* Flutter */ = {
			isa = PBXGroup;
			children = (
				3B3967151E833CAA004F5970 /* AppFrameworkInfo.plist */,
				9740EEB21CF90195004384FC /* Debug.xcconfig */,
				7AFA3C8E1D35360C0083082E /* Release.xcconfig */,
				9740EEB31CF90195004384FC /* Generated.xcconfig */,
			);
			name = Flutter;
			sourceTree = "<group>";
		};
		97C146E51CF9000F007C117D = {
			isa = PBXGroup;
			children = (
				9740EEB11CF90186004384FC /* Flutter */,
				97C146F01CF9000F007C117D /* Runner */,
				97C146EF1CF9000F007C117D /* Products */,
				331C8082294A63A400263BE5 /* RunnerTests */,
				D7CF6FCD67E4D136768B48EC /* Pods */,
				3C71F43D1F34379815C0A10E /* Frameworks */,
			);
			sourceTree = "<group>";
		};
		97C146EF1CF9000F007C117D /* Products */ = {
			isa = PBXGroup;
			children = (
				97C146EE1CF9000F007C117D /* Runner.app */,
				331C8081294A63A400263BE5 /* RunnerTests.xctest */,
			);
			name = Products;
			sourceTree = "<group>";
		};
		97C146F01CF9000F007C117D /* Runner */ = {
			isa = PBXGroup;
			children = (
				FCB988022DEA8EB2000E5FA8 /* Services */,
				FCB987AB2DEA8D49000E5FA8 /* Features */,
				FC77BD2E2D0A1D3C00208A89 /* Runner.entitlements */,
				FC3A20072B2CCE480043AAB1 /* Utilities */,
				FC502AA82B2B9476002A8D8A /* Device */,
				FCED8EEB2D6C89BA004ECC26 /* TestData */,
				97C146FA1CF9000F007C117D /* Main.storyboard */,
				97C146FD1CF9000F007C117D /* Assets.xcassets */,
				97C146FF1CF9000F007C117D /* LaunchScreen.storyboard */,
				97C147021CF9000F007C117D /* Info.plist */,
				1498D2321E8E86230040F4C2 /* GeneratedPluginRegistrant.h */,
				1498D2331E8E89220040F4C2 /* GeneratedPluginRegistrant.m */,
				74858FAE1ED2DC5600515810 /* AppDelegate.swift */,
				74858FAD1ED2DC5600515810 /* Runner-Bridging-Header.h */,
				A873571A9A0AD951E76C4E8F /* GoogleService-Info.plist */,
			);
			path = Runner;
			sourceTree = "<group>";
		};
		D7CF6FCD67E4D136768B48EC /* Pods */ = {
			isa = PBXGroup;
			children = (
				B0FA759C1F58442E3A972E30 /* Pods-Runner.debug.xcconfig */,
				F4F6483EEFB60CF3DCF41B45 /* Pods-Runner.release.xcconfig */,
				41006375F71BF00259CBE365 /* Pods-Runner.profile.xcconfig */,
				5D299AB9193F75C1B9E42810 /* Pods-RunnerTests.debug.xcconfig */,
				FB48B20528B9D25F5DEBEA97 /* Pods-RunnerTests.release.xcconfig */,
				E1B9DA8838B24279B4A03D5D /* Pods-RunnerTests.profile.xcconfig */,
			);
			path = Pods;
			sourceTree = "<group>";
		};
		FC3A20072B2CCE480043AAB1 /* Utilities */ = {
			isa = PBXGroup;
			children = (
				FCB9885C2DEA92A8000E5FA8 /* SocketAnnouncementUtility.swift */,
				FC502AAB2B2B9C74002A8D8A /* Helper.swift */,
				FCB987D72DEA8DD9000E5FA8 /* DevelopmentUtility.swift */,
				FCDBE2C92DD316940009A90F /* AnnouncementUtility.swift */,
				FC87CF602B43B8180058FD59 /* AppUserDefault.swift */,
				FC3A20082B2CCE570043AAB1 /* Extensions.swift */,
			);
			path = Utilities;
			sourceTree = "<group>";
		};
		FC502AA82B2B9476002A8D8A /* Device */ = {
			isa = PBXGroup;
			children = (
				FCC0A59D2D23EE37000E4F79 /* CameraStreamHandler.swift */,
				FCC120AD2B35BD1C003FADF6 /* DeviceAction.swift */,
				FCC120AC2B35BD1C003FADF6 /* DeviceMode.swift */,
				FC502AA92B2B94DF002A8D8A /* ImageProcessor.swift */,
				FC3A20052B2CC3FB0043AAB1 /* Socket.swift */,
				FC3761232BA403510043B650 /* ContinuousModeManager.swift */,
			);
			path = Device;
			sourceTree = "<group>";
		};
		FC9829862DA117C300ED0840 /* VoiceChatBot */ = {
			isa = PBXGroup;
			children = (
				FC9829852DA117C300ED0840 /* VoiceChatBotManager.swift */,
			);
			path = VoiceChatBot;
			sourceTree = "<group>";
		};
		FCB987AB2DEA8D49000E5FA8 /* Features */ = {
			isa = PBXGroup;
			children = (
				FCB9885B2DEA9264000E5FA8 /* Museum */,
				FCB9885A2DEA9242000E5FA8 /* TextDetection */,
				FC9829862DA117C300ED0840 /* VoiceChatBot */,
				FC6DF1AF2D60CB2300EB2AFC /* ObstacleAvoidance */,
				FCC34A292D3E8EFB00C5ED9E /* TextDetectionAuto */,
				FCC0A5A22D23EEA5000E4F79 /* BusDetection */,
			);
			path = Features;
			sourceTree = "<group>";
		};
		FCB988022DEA8EB2000E5FA8 /* Services */ = {
			isa = PBXGroup;
			children = (
				FCB988592DEA91D0000E5FA8 /* Translation */,
				FCB988052DEA8EE0000E5FA8 /* ML */,
				FCB988042DEA8ED9000E5FA8 /* Audio */,
				FCB988032DEA8EC3000E5FA8 /* Network */,
			);
			path = Services;
			sourceTree = "<group>";
		};
		FCB988032DEA8EC3000E5FA8 /* Network */ = {
			isa = PBXGroup;
			children = (
				FCE5F3882CDC7BF200E65AED /* NetworkMonitor.swift */,
				FCF68F132B2CBAE4009FC022 /* SocketManager.swift */,
			);
			path = Network;
			sourceTree = "<group>";
		};
		FCB988042DEA8ED9000E5FA8 /* Audio */ = {
			isa = PBXGroup;
			children = (
				FC502AAD2B2B9C82002A8D8A /* SpeechManager.swift */,
				FCC120B12B35BD3A003FADF6 /* AudioPlayerManager.swift */,
				FCC120B22B35BD3A003FADF6 /* processing.mp3 */,
				FCC120B02B35BD3A003FADF6 /* socket_helper.mp3 */,
			);
			path = Audio;
			sourceTree = "<group>";
		};
		FCB988052DEA8EE0000E5FA8 /* ML */ = {
			isa = PBXGroup;
			children = (
				FCC0A5AD2D23F9CD000E4F79 /* MLUtility */,
				FCC0A5A12D23EE71000E4F79 /* Models */,
				FCFCD77A2D88CF9E00760F59 /* ModelManager */,
			);
			path = ML;
			sourceTree = "<group>";
		};
		FCB988592DEA91D0000E5FA8 /* Translation */ = {
			isa = PBXGroup;
			children = (
				FCB988B22DEA9765000E5FA8 /* StaticTranslation.swift */,
				FC87975B2B44912800E97D03 /* TraslatorManager.swift */,
				FC4BD84A2DAEDE94003B4481 /* DeeplTranslation.swift */,
			);
			path = Translation;
			sourceTree = "<group>";
		};
		FCB9885A2DEA9242000E5FA8 /* TextDetection */ = {
			isa = PBXGroup;
			children = (
				FC9EB04D2B3B66BC001DD06F /* TextRecognition.swift */,
			);
			path = TextDetection;
			sourceTree = "<group>";
		};
		FCB9885B2DEA9264000E5FA8 /* Museum */ = {
			isa = PBXGroup;
			children = (
				FCB9885E2DEA92E8000E5FA8 /* MuseumMode.swift */,
				FCF283082D9468DA0037341E /* MuseumIterator.swift */,
			);
			path = Museum;
			sourceTree = "<group>";
		};
		FCC34A292D3E8EFB00C5ED9E /* TextDetectionAuto */ = {
			isa = PBXGroup;
			children = (
				FC9E4C902D43452E0010AAA7 /* SeekrVNTextDetection.swift */,
				FCC34A2A2D3E8F2400C5ED9E /* SeekrAutoTextViewController.swift */,
			);
			path = TextDetectionAuto;
			sourceTree = "<group>";
		};
/* End PBXGroup section */

/* Begin PBXNativeTarget section */
		331C8080294A63A400263BE5 /* RunnerTests */ = {
			isa = PBXNativeTarget;
			buildConfigurationList = 331C8087294A63A400263BE5 /* Build configuration list for PBXNativeTarget "RunnerTests" */;
			buildPhases = (
				D8BAD3754222DAA75AA27F6A /* [CP] Check Pods Manifest.lock */,
				331C807D294A63A400263BE5 /* Sources */,
				331C807F294A63A400263BE5 /* Resources */,
				D2703F47D4EFB54573E69AB9 /* Frameworks */,
			);
			buildRules = (
			);
			dependencies = (
				331C8086294A63A400263BE5 /* PBXTargetDependency */,
			);
			name = RunnerTests;
			productName = RunnerTests;
			productReference = 331C8081294A63A400263BE5 /* RunnerTests.xctest */;
			productType = "com.apple.product-type.bundle.unit-test";
		};
		97C146ED1CF9000F007C117D /* Runner */ = {
			isa = PBXNativeTarget;
			buildConfigurationList = 97C147051CF9000F007C117D /* Build configuration list for PBXNativeTarget "Runner" */;
			buildPhases = (
				45478BB325D8B9F91F8B8FE2 /* [CP] Check Pods Manifest.lock */,
				9740EEB61CF901F6004384FC /* Run Script */,
				97C146EA1CF9000F007C117D /* Sources */,
				97C146EB1CF9000F007C117D /* Frameworks */,
				97C146EC1CF9000F007C117D /* Resources */,
				9705A1C41CF9048500538489 /* Embed Frameworks */,
				3B06AD1E1E4923F5004D2608 /* Thin Binary */,
				B2CDBDCFAC4E4D5AB300F902 /* [firebase_crashlytics] Crashlytics Upload Symbols */,
				AFAC413EB17A2D777DF77D9E /* FlutterFire: "flutterfire upload-crashlytics-symbols" */,
				CE0E8FB519A83EBD61B649D5 /* [CP] Embed Pods Frameworks */,
				C447141E7537FBBF043F91E7 /* [CP] Copy Pods Resources */,
			);
			buildRules = (
			);
			dependencies = (
			);
			fileSystemSynchronizedGroups = (
				FC6DF1AF2D60CB2300EB2AFC /* ObstacleAvoidance */,
				FCC0A5A12D23EE71000E4F79 /* Models */,
				FCC0A5A22D23EEA5000E4F79 /* BusDetection */,
				FCC0A5AD2D23F9CD000E4F79 /* MLUtility */,
				FCED8EEB2D6C89BA004ECC26 /* TestData */,
				FCFCD77A2D88CF9E00760F59 /* ModelManager */,
			);
			name = Runner;
			productName = Runner;
			productReference = 97C146EE1CF9000F007C117D /* Runner.app */;
			productType = "com.apple.product-type.application";
		};
/* End PBXNativeTarget section */

/* Begin PBXProject section */
		97C146E61CF9000F007C117D /* Project object */ = {
			isa = PBXProject;
			attributes = {
				BuildIndependentTargetsInParallel = YES;
				LastUpgradeCheck = 1510;
				ORGANIZATIONNAME = "";
				TargetAttributes = {
					331C8080294A63A400263BE5 = {
						CreatedOnToolsVersion = 14.0;
						TestTargetID = 97C146ED1CF9000F007C117D;
					};
					97C146ED1CF9000F007C117D = {
						CreatedOnToolsVersion = 7.3.1;
						LastSwiftMigration = 1100;
					};
				};
			};
			buildConfigurationList = 97C146E91CF9000F007C117D /* Build configuration list for PBXProject "Runner" */;
			compatibilityVersion = "Xcode 9.3";
			developmentRegion = en;
			hasScannedForEncodings = 0;
			knownRegions = (
				en,
				Base,
			);
			mainGroup = 97C146E51CF9000F007C117D;
			productRefGroup = 97C146EF1CF9000F007C117D /* Products */;
			projectDirPath = "";
			projectRoot = "";
			targets = (
				97C146ED1CF9000F007C117D /* Runner */,
				331C8080294A63A400263BE5 /* RunnerTests */,
			);
		};
/* End PBXProject section */

/* Begin PBXResourcesBuildPhase section */
		331C807F294A63A400263BE5 /* Resources */ = {
			isa = PBXResourcesBuildPhase;
			buildActionMask = 2147483647;
			files = (
			);
			runOnlyForDeploymentPostprocessing = 0;
		};
		97C146EC1CF9000F007C117D /* Resources */ = {
			isa = PBXResourcesBuildPhase;
			buildActionMask = 2147483647;
			files = (
				97C147011CF9000F007C117D /* LaunchScreen.storyboard in Resources */,
				FCC120B32B35BD3A003FADF6 /* socket_helper.mp3 in Resources */,
				3B3967161E833CAA004F5970 /* AppFrameworkInfo.plist in Resources */,
				FCC120B52B35BD3A003FADF6 /* processing.mp3 in Resources */,
				97C146FE1CF9000F007C117D /* Assets.xcassets in Resources */,
				97C146FC1CF9000F007C117D /* Main.storyboard in Resources */,
				DE078B3994C5D872EA4438E3 /* GoogleService-Info.plist in Resources */,
			);
			runOnlyForDeploymentPostprocessing = 0;
		};
/* End PBXResourcesBuildPhase section */

/* Begin PBXShellScriptBuildPhase section */
		3B06AD1E1E4923F5004D2608 /* Thin Binary */ = {
			isa = PBXShellScriptBuildPhase;
			alwaysOutOfDate = 1;
			buildActionMask = 12;
			files = (
			);
			inputPaths = (
				"${TARGET_BUILD_DIR}/${INFOPLIST_PATH}",
			);
			name = "Thin Binary";
			outputPaths = (
			);
			runOnlyForDeploymentPostprocessing = 0;
			shellPath = /bin/sh;
			shellScript = "/bin/sh \"$FLUTTER_ROOT/packages/flutter_tools/bin/xcode_backend.sh\" embed_and_thin\n";
		};
		45478BB325D8B9F91F8B8FE2 /* [CP] Check Pods Manifest.lock */ = {
			isa = PBXShellScriptBuildPhase;
			buildActionMask = 2147483647;
			files = (
			);
			inputFileListPaths = (
			);
			inputPaths = (
				"${PODS_PODFILE_DIR_PATH}/Podfile.lock",
				"${PODS_ROOT}/Manifest.lock",
			);
			name = "[CP] Check Pods Manifest.lock";
			outputFileListPaths = (
			);
			outputPaths = (
				"$(DERIVED_FILE_DIR)/Pods-Runner-checkManifestLockResult.txt",
			);
			runOnlyForDeploymentPostprocessing = 0;
			shellPath = /bin/sh;
			shellScript = "diff \"${PODS_PODFILE_DIR_PATH}/Podfile.lock\" \"${PODS_ROOT}/Manifest.lock\" > /dev/null\nif [ $? != 0 ] ; then\n    # print error to STDERR\n    echo \"error: The sandbox is not in sync with the Podfile.lock. Run 'pod install' or update your CocoaPods installation.\" >&2\n    exit 1\nfi\n# This output is used by Xcode 'outputs' to avoid re-running this script phase.\necho \"SUCCESS\" > \"${SCRIPT_OUTPUT_FILE_0}\"\n";
			showEnvVarsInLog = 0;
		};
		9740EEB61CF901F6004384FC /* Run Script */ = {
			isa = PBXShellScriptBuildPhase;
			alwaysOutOfDate = 1;
			buildActionMask = 2147483647;
			files = (
			);
			inputPaths = (
			);
			name = "Run Script";
			outputPaths = (
			);
			runOnlyForDeploymentPostprocessing = 0;
			shellPath = /bin/sh;
			shellScript = "/bin/sh \"$FLUTTER_ROOT/packages/flutter_tools/bin/xcode_backend.sh\" build\n";
		};
		AFAC413EB17A2D777DF77D9E /* FlutterFire: "flutterfire upload-crashlytics-symbols" */ = {
			isa = PBXShellScriptBuildPhase;
			buildActionMask = 2147483647;
			files = (
			);
			inputFileListPaths = (
			);
			inputPaths = (
			);
			name = "FlutterFire: \"flutterfire upload-crashlytics-symbols\"";
			outputFileListPaths = (
			);
			outputPaths = (
			);
			runOnlyForDeploymentPostprocessing = 0;
			shellPath = /bin/sh;
			shellScript = "\n#!/bin/bash\nPATH=\"${PATH}:$FLUTTER_ROOT/bin:$HOME/.pub-cache/bin\"\nflutterfire upload-crashlytics-symbols --upload-symbols-script-path=\"$PODS_ROOT/FirebaseCrashlytics/upload-symbols\" --platform=ios --apple-project-path=\"${SRCROOT}\" --env-platform-name=\"${PLATFORM_NAME}\" --env-configuration=\"${CONFIGURATION}\" --env-project-dir=\"${PROJECT_DIR}\" --env-built-products-dir=\"${BUILT_PRODUCTS_DIR}\" --env-dwarf-dsym-folder-path=\"${DWARF_DSYM_FOLDER_PATH}\" --env-dwarf-dsym-file-name=\"${DWARF_DSYM_FILE_NAME}\" --env-infoplist-path=\"${INFOPLIST_PATH}\" --default-config=default\n";
		};
		B2CDBDCFAC4E4D5AB300F902 /* [firebase_crashlytics] Crashlytics Upload Symbols */ = {
			isa = PBXShellScriptBuildPhase;
			alwaysOutOfDate = 1;
			buildActionMask = 2147483647;
			files = (
			);
			inputFileListPaths = (
			);
			inputPaths = (
				"\"${DWARF_DSYM_FOLDER_PATH}/${DWARF_DSYM_FILE_NAME}\"",
				"\"${DWARF_DSYM_FOLDER_PATH}/${DWARF_DSYM_FILE_NAME}/Contents/\"",
				"\"${DWARF_DSYM_FOLDER_PATH}/${DWARF_DSYM_FILE_NAME}/Contents/Info.plist\"",
				"\"$(TARGET_BUILD_DIR)/$(EXECUTABLE_PATH)\"",
				"\"$(PROJECT_DIR)/firebase_app_id_file.json\"",
			);
			name = "[firebase_crashlytics] Crashlytics Upload Symbols";
			outputFileListPaths = (
			);
			outputPaths = (
			);
			runOnlyForDeploymentPostprocessing = 0;
			shellPath = /bin/sh;
			shellScript = "\"$PODS_ROOT/FirebaseCrashlytics/upload-symbols\" --flutter-project \"$PROJECT_DIR/firebase_app_id_file.json\" \n";
		};
		C447141E7537FBBF043F91E7 /* [CP] Copy Pods Resources */ = {
			isa = PBXShellScriptBuildPhase;
			buildActionMask = 2147483647;
			files = (
			);
			inputFileListPaths = (
				"${PODS_ROOT}/Target Support Files/Pods-Runner/Pods-Runner-resources-${CONFIGURATION}-input-files.xcfilelist",
			);
			name = "[CP] Copy Pods Resources";
			outputFileListPaths = (
				"${PODS_ROOT}/Target Support Files/Pods-Runner/Pods-Runner-resources-${CONFIGURATION}-output-files.xcfilelist",
			);
			runOnlyForDeploymentPostprocessing = 0;
			shellPath = /bin/sh;
			shellScript = "\"${PODS_ROOT}/Target Support Files/Pods-Runner/Pods-Runner-resources.sh\"\n";
			showEnvVarsInLog = 0;
		};
		CE0E8FB519A83EBD61B649D5 /* [CP] Embed Pods Frameworks */ = {
			isa = PBXShellScriptBuildPhase;
			buildActionMask = 2147483647;
			files = (
			);
			inputFileListPaths = (
				"${PODS_ROOT}/Target Support Files/Pods-Runner/Pods-Runner-frameworks-${CONFIGURATION}-input-files.xcfilelist",
			);
			name = "[CP] Embed Pods Frameworks";
			outputFileListPaths = (
				"${PODS_ROOT}/Target Support Files/Pods-Runner/Pods-Runner-frameworks-${CONFIGURATION}-output-files.xcfilelist",
			);
			runOnlyForDeploymentPostprocessing = 0;
			shellPath = /bin/sh;
			shellScript = "\"${PODS_ROOT}/Target Support Files/Pods-Runner/Pods-Runner-frameworks.sh\"\n";
			showEnvVarsInLog = 0;
		};
		D8BAD3754222DAA75AA27F6A /* [CP] Check Pods Manifest.lock */ = {
			isa = PBXShellScriptBuildPhase;
			buildActionMask = 2147483647;
			files = (
			);
			inputFileListPaths = (
			);
			inputPaths = (
				"${PODS_PODFILE_DIR_PATH}/Podfile.lock",
				"${PODS_ROOT}/Manifest.lock",
			);
			name = "[CP] Check Pods Manifest.lock";
			outputFileListPaths = (
			);
			outputPaths = (
				"$(DERIVED_FILE_DIR)/Pods-RunnerTests-checkManifestLockResult.txt",
			);
			runOnlyForDeploymentPostprocessing = 0;
			shellPath = /bin/sh;
			shellScript = "diff \"${PODS_PODFILE_DIR_PATH}/Podfile.lock\" \"${PODS_ROOT}/Manifest.lock\" > /dev/null\nif [ $? != 0 ] ; then\n    # print error to STDERR\n    echo \"error: The sandbox is not in sync with the Podfile.lock. Run 'pod install' or update your CocoaPods installation.\" >&2\n    exit 1\nfi\n# This output is used by Xcode 'outputs' to avoid re-running this script phase.\necho \"SUCCESS\" > \"${SCRIPT_OUTPUT_FILE_0}\"\n";
			showEnvVarsInLog = 0;
		};
/* End PBXShellScriptBuildPhase section */

/* Begin PBXSourcesBuildPhase section */
		331C807D294A63A400263BE5 /* Sources */ = {
			isa = PBXSourcesBuildPhase;
			buildActionMask = 2147483647;
			files = (
				331C808B294A63AB00263BE5 /* RunnerTests.swift in Sources */,
			);
			runOnlyForDeploymentPostprocessing = 0;
		};
		97C146EA1CF9000F007C117D /* Sources */ = {
			isa = PBXSourcesBuildPhase;
			buildActionMask = 2147483647;
			files = (
				74858FAF1ED2DC5600515810 /* AppDelegate.swift in Sources */,
				FC3A20062B2CC3FB0043AAB1 /* Socket.swift in Sources */,
				FC502AAE2B2B9C82002A8D8A /* SpeechManager.swift in Sources */,
				FC9829872DA117C300ED0840 /* VoiceChatBotManager.swift in Sources */,
				FC3A20092B2CCE570043AAB1 /* Extensions.swift in Sources */,
				FCDBE2CA2DD317F10009A90F /* AnnouncementUtility.swift in Sources */,
				FC502AAA2B2B94DF002A8D8A /* ImageProcessor.swift in Sources */,
				1498D2341E8E89220040F4C2 /* GeneratedPluginRegistrant.m in Sources */,
				FCB9885F2DEA92ED000E5FA8 /* MuseumMode.swift in Sources */,
				FC87975C2B44912800E97D03 /* TraslatorManager.swift in Sources */,
				FCF68F142B2CBAE4009FC022 /* SocketManager.swift in Sources */,
				FCC120B42B35BD3A003FADF6 /* AudioPlayerManager.swift in Sources */,
				FCC0A59E2D23EE37000E4F79 /* CameraStreamHandler.swift in Sources */,
				FC87CF612B43B8180058FD59 /* AppUserDefault.swift in Sources */,
				FC9E4C912D43453F0010AAA7 /* SeekrVNTextDetection.swift in Sources */,
				FCC34A2B2D3E8F2400C5ED9E /* SeekrAutoTextViewController.swift in Sources */,
				FCC120AF2B35BD1C003FADF6 /* DeviceAction.swift in Sources */,
				FCC120AE2B35BD1C003FADF6 /* DeviceMode.swift in Sources */,
				FC4BD84B2DAEDEA1003B4481 /* DeeplTranslation.swift in Sources */,
				FCB9885D2DEA92B6000E5FA8 /* SocketAnnouncementUtility.swift in Sources */,
				FCB987D82DEA8DD9000E5FA8 /* DevelopmentUtility.swift in Sources */,
				FC9EB04E2B3B66BC001DD06F /* TextRecognition.swift in Sources */,
				FCF283092D9468E00037341E /* MuseumIterator.swift in Sources */,
				FC3761242BA403510043B650 /* ContinuousModeManager.swift in Sources */,
				FCE5F3892CDC7BF200E65AED /* NetworkMonitor.swift in Sources */,
				FC502AAC2B2B9C74002A8D8A /* Helper.swift in Sources */,
				FCB988B32DEA976D000E5FA8 /* StaticTranslation.swift in Sources */,
			);
			runOnlyForDeploymentPostprocessing = 0;
		};
/* End PBXSourcesBuildPhase section */

/* Begin PBXTargetDependency section */
		331C8086294A63A400263BE5 /* PBXTargetDependency */ = {
			isa = PBXTargetDependency;
			target = 97C146ED1CF9000F007C117D /* Runner */;
			targetProxy = 331C8085294A63A400263BE5 /* PBXContainerItemProxy */;
		};
/* End PBXTargetDependency section */

/* Begin PBXVariantGroup section */
		97C146FA1CF9000F007C117D /* Main.storyboard */ = {
			isa = PBXVariantGroup;
			children = (
				97C146FB1CF9000F007C117D /* Base */,
			);
			name = Main.storyboard;
			sourceTree = "<group>";
		};
		97C146FF1CF9000F007C117D /* LaunchScreen.storyboard */ = {
			isa = PBXVariantGroup;
			children = (
				97C147001CF9000F007C117D /* Base */,
			);
			name = LaunchScreen.storyboard;
			sourceTree = "<group>";
		};
/* End PBXVariantGroup section */

/* Begin XCBuildConfiguration section */
		249021D3217E4FDB00AE95B9 /* Profile */ = {
			isa = XCBuildConfiguration;
			buildSettings = {
				ALWAYS_SEARCH_USER_PATHS = NO;
				CLANG_ANALYZER_NONNULL = YES;
				CLANG_CXX_LANGUAGE_STANDARD = "gnu++0x";
				CLANG_CXX_LIBRARY = "libc++";
				CLANG_ENABLE_MODULES = YES;
				CLANG_ENABLE_OBJC_ARC = YES;
				CLANG_WARN_BLOCK_CAPTURE_AUTORELEASING = YES;
				CLANG_WARN_BOOL_CONVERSION = YES;
				CLANG_WARN_COMMA = YES;
				CLANG_WARN_CONSTANT_CONVERSION = YES;
				CLANG_WARN_DEPRECATED_OBJC_IMPLEMENTATIONS = YES;
				CLANG_WARN_DIRECT_OBJC_ISA_USAGE = YES_ERROR;
				CLANG_WARN_EMPTY_BODY = YES;
				CLANG_WARN_ENUM_CONVERSION = YES;
				CLANG_WARN_INFINITE_RECURSION = YES;
				CLANG_WARN_INT_CONVERSION = YES;
				CLANG_WARN_NON_LITERAL_NULL_CONVERSION = YES;
				CLANG_WARN_OBJC_IMPLICIT_RETAIN_SELF = YES;
				CLANG_WARN_OBJC_LITERAL_CONVERSION = YES;
				CLANG_WARN_OBJC_ROOT_CLASS = YES_ERROR;
				CLANG_WARN_QUOTED_INCLUDE_IN_FRAMEWORK_HEADER = YES;
				CLANG_WARN_RANGE_LOOP_ANALYSIS = YES;
				CLANG_WARN_STRICT_PROTOTYPES = YES;
				CLANG_WARN_SUSPICIOUS_MOVE = YES;
				CLANG_WARN_UNREACHABLE_CODE = YES;
				CLANG_WARN__DUPLICATE_METHOD_MATCH = YES;
				"CODE_SIGN_IDENTITY[sdk=iphoneos*]" = "iPhone Developer";
				COPY_PHASE_STRIP = NO;
				DEBUG_INFORMATION_FORMAT = "dwarf-with-dsym";
				ENABLE_NS_ASSERTIONS = NO;
				ENABLE_STRICT_OBJC_MSGSEND = YES;
				ENABLE_USER_SCRIPT_SANDBOXING = NO;
				GCC_C_LANGUAGE_STANDARD = gnu99;
				GCC_NO_COMMON_BLOCKS = YES;
				GCC_WARN_64_TO_32_BIT_CONVERSION = YES;
				GCC_WARN_ABOUT_RETURN_TYPE = YES_ERROR;
				GCC_WARN_UNDECLARED_SELECTOR = YES;
				GCC_WARN_UNINITIALIZED_AUTOS = YES_AGGRESSIVE;
				GCC_WARN_UNUSED_FUNCTION = YES;
				GCC_WARN_UNUSED_VARIABLE = YES;
				IPHONEOS_DEPLOYMENT_TARGET = 12.0;
				MTL_ENABLE_DEBUG_INFO = NO;
				SDKROOT = iphoneos;
				SUPPORTED_PLATFORMS = iphoneos;
				TARGETED_DEVICE_FAMILY = "1,2";
				VALIDATE_PRODUCT = YES;
			};
			name = Profile;
		};
		249021D4217E4FDB00AE95B9 /* Profile */ = {
			isa = XCBuildConfiguration;
			baseConfigurationReference = 7AFA3C8E1D35360C0083082E /* Release.xcconfig */;
			buildSettings = {
				ASSETCATALOG_COMPILER_APPICON_NAME = AppIcon;
				CLANG_ALLOW_NON_MODULAR_INCLUDES_IN_FRAMEWORK_MODULES = YES;
				CLANG_ENABLE_MODULES = YES;
				CODE_SIGN_ENTITLEMENTS = Runner/Runner.entitlements;
				CODE_SIGN_IDENTITY = "Apple Development";
				CODE_SIGN_STYLE = Automatic;
				CURRENT_PROJECT_VERSION = 20;
				DEVELOPMENT_TEAM = K5455KU63B;
				ENABLE_BITCODE = NO;
				HEADER_SEARCH_PATHS = (
					"$(inherited)",
					"\"${PODS_CONFIGURATION_BUILD_DIR}/Airwallex/Airwallex.framework/Headers\"",
					"\"${PODS_CONFIGURATION_BUILD_DIR}/AppAuth/AppAuth.framework/Headers\"",
					"\"${PODS_CONFIGURATION_BUILD_DIR}/FirebaseAppCheckInterop/FirebaseAppCheckInterop.framework/Headers\"",
					"\"${PODS_CONFIGURATION_BUILD_DIR}/FirebaseAuth/FirebaseAuth.framework/Headers\"",
					"\"${PODS_CONFIGURATION_BUILD_DIR}/FirebaseAuthInterop/FirebaseAuthInterop.framework/Headers\"",
					"\"${PODS_CONFIGURATION_BUILD_DIR}/FirebaseCore/FirebaseCore.framework/Headers\"",
					"\"${PODS_CONFIGURATION_BUILD_DIR}/FirebaseCoreExtension/FirebaseCoreExtension.framework/Headers\"",
					"\"${PODS_CONFIGURATION_BUILD_DIR}/FirebaseCoreInternal/FirebaseCoreInternal.framework/Headers\"",
					"\"${PODS_CONFIGURATION_BUILD_DIR}/FirebaseCrashlytics/FirebaseCrashlytics.framework/Headers\"",
					"\"${PODS_CONFIGURATION_BUILD_DIR}/FirebaseInstallations/FirebaseInstallations.framework/Headers\"",
					"\"${PODS_CONFIGURATION_BUILD_DIR}/FirebaseRemoteConfigInterop/FirebaseRemoteConfigInterop.framework/Headers\"",
					"\"${PODS_CONFIGURATION_BUILD_DIR}/FirebaseSessions/FirebaseSessions.framework/Headers\"",
					"\"${PODS_CONFIGURATION_BUILD_DIR}/GTMAppAuth/GTMAppAuth.framework/Headers\"",
					"\"${PODS_CONFIGURATION_BUILD_DIR}/GTMSessionFetcher/GTMSessionFetcher.framework/Headers\"",
					"\"${PODS_CONFIGURATION_BUILD_DIR}/GoogleDataTransport/GoogleDataTransport.framework/Headers\"",
					"\"${PODS_CONFIGURATION_BUILD_DIR}/GoogleSignIn/GoogleSignIn.framework/Headers\"",
					"\"${PODS_CONFIGURATION_BUILD_DIR}/GoogleToolboxForMac/GoogleToolboxForMac.framework/Headers\"",
					"\"${PODS_CONFIGURATION_BUILD_DIR}/GoogleUtilities/GoogleUtilities.framework/Headers\"",
					"\"${PODS_CONFIGURATION_BUILD_DIR}/Mantle/Mantle.framework/Headers\"",
					"\"${PODS_CONFIGURATION_BUILD_DIR}/PromisesObjC/FBLPromises.framework/Headers\"",
					"\"${PODS_CONFIGURATION_BUILD_DIR}/PromisesSwift/Promises.framework/Headers\"",
					"\"${PODS_CONFIGURATION_BUILD_DIR}/ReachabilitySwift/Reachability.framework/Headers\"",
					"\"${PODS_CONFIGURATION_BUILD_DIR}/RecaptchaInterop/RecaptchaInterop.framework/Headers\"",
					"\"${PODS_CONFIGURATION_BUILD_DIR}/SDWebImage/SDWebImage.framework/Headers\"",
					"\"${PODS_CONFIGURATION_BUILD_DIR}/SDWebImageWebPCoder/SDWebImageWebPCoder.framework/Headers\"",
					"\"${PODS_CONFIGURATION_BUILD_DIR}/SSZipArchive/SSZipArchive.framework/Headers\"",
					"\"${PODS_CONFIGURATION_BUILD_DIR}/SWXMLHash/SWXMLHash.framework/Headers\"",
					"\"${PODS_CONFIGURATION_BUILD_DIR}/Socket.IO-Client-Swift/SocketIO.framework/Headers\"",
					"\"${PODS_CONFIGURATION_BUILD_DIR}/Starscream/Starscream.framework/Headers\"",
					"\"${PODS_CONFIGURATION_BUILD_DIR}/SwiftSoup/SwiftSoup.framework/Headers\"",
					"\"${PODS_CONFIGURATION_BUILD_DIR}/airwallex_payment_flutter/airwallex_payment_flutter.framework/Headers\"",
					"\"${PODS_CONFIGURATION_BUILD_DIR}/audio_plus/audio_plus.framework/Headers\"",
					"\"${PODS_CONFIGURATION_BUILD_DIR}/camera_avfoundation/camera_avfoundation.framework/Headers\"",
					"\"${PODS_CONFIGURATION_BUILD_DIR}/connectivity_plus/connectivity_plus.framework/Headers\"",
					"\"${PODS_CONFIGURATION_BUILD_DIR}/device_info_plus/device_info_plus.framework/Headers\"",
					"\"${PODS_CONFIGURATION_BUILD_DIR}/firebase_auth/firebase_auth.framework/Headers\"",
					"\"${PODS_CONFIGURATION_BUILD_DIR}/firebase_core/firebase_core.framework/Headers\"",
					"\"${PODS_CONFIGURATION_BUILD_DIR}/firebase_crashlytics/firebase_crashlytics.framework/Headers\"",
					"\"${PODS_CONFIGURATION_BUILD_DIR}/flutter_image_compress_common/flutter_image_compress_common.framework/Headers\"",
					"\"${PODS_CONFIGURATION_BUILD_DIR}/flutter_tts/flutter_tts.framework/Headers\"",
					"\"${PODS_CONFIGURATION_BUILD_DIR}/geocoding_ios/geocoding_ios.framework/Headers\"",
					"\"${PODS_CONFIGURATION_BUILD_DIR}/geolocator_apple/geolocator_apple.framework/Headers\"",
					"\"${PODS_CONFIGURATION_BUILD_DIR}/google_sign_in_ios/google_sign_in_ios.framework/Headers\"",
					"\"${PODS_CONFIGURATION_BUILD_DIR}/image_picker_ios/image_picker_ios.framework/Headers\"",
					"\"${PODS_CONFIGURATION_BUILD_DIR}/libwebp/libwebp.framework/Headers\"",
					"\"${PODS_CONFIGURATION_BUILD_DIR}/nanopb/nanopb.framework/Headers\"",
					"\"${PODS_CONFIGURATION_BUILD_DIR}/network_info_plus/network_info_plus.framework/Headers\"",
					"\"${PODS_CONFIGURATION_BUILD_DIR}/path_provider_foundation/path_provider_foundation.framework/Headers\"",
					"\"${PODS_CONFIGURATION_BUILD_DIR}/permission_handler_apple/permission_handler_apple.framework/Headers\"",
					"\"${PODS_CONFIGURATION_BUILD_DIR}/share_plus/share_plus.framework/Headers\"",
					"\"${PODS_CONFIGURATION_BUILD_DIR}/shared_preferences_foundation/shared_preferences_foundation.framework/Headers\"",
					"\"${PODS_CONFIGURATION_BUILD_DIR}/url_launcher_ios/url_launcher_ios.framework/Headers\"",
					"\"${PODS_ROOT}/Headers/Public\"",
					"\"${PODS_ROOT}/Headers/Public/Firebase\"",
					"\"${PODS_ROOT}/Headers/Public/GoogleMLKit\"",
					"$(inherited)",
					"${PODS_ROOT}/Firebase/CoreOnly/Sources",
					"$(inherited)",
					"${PODS_ROOT}/GoogleMLKit/MLKitCore/Sources",
				);
				INFOPLIST_FILE = Runner/Info.plist;
				IPHONEOS_DEPLOYMENT_TARGET = 15.6;
				LD_RUNPATH_SEARCH_PATHS = (
					"$(inherited)",
					"@executable_path/Frameworks",
				);
				PRODUCT_BUNDLE_IDENTIFIER = "com.vidiseekr.SeekrInternal-dev";
				PRODUCT_NAME = "$(TARGET_NAME)";
				PROVISIONING_PROFILE_SPECIFIER = "";
				SUPPORTED_PLATFORMS = "iphoneos iphonesimulator";
				SUPPORTS_MACCATALYST = NO;
				SUPPORTS_MAC_DESIGNED_FOR_IPHONE_IPAD = NO;
				SUPPORTS_XR_DESIGNED_FOR_IPHONE_IPAD = NO;
				SWIFT_OBJC_BRIDGING_HEADER = "Runner/Runner-Bridging-Header.h";
				SWIFT_VERSION = 5.0;
				TARGETED_DEVICE_FAMILY = "1,2";
				VERSIONING_SYSTEM = "apple-generic";
			};
			name = Profile;
		};
		331C8088294A63A400263BE5 /* Debug */ = {
			isa = XCBuildConfiguration;
			baseConfigurationReference = 5D299AB9193F75C1B9E42810 /* Pods-RunnerTests.debug.xcconfig */;
			buildSettings = {
				BUNDLE_LOADER = "$(TEST_HOST)";
				CODE_SIGN_STYLE = Automatic;
				CURRENT_PROJECT_VERSION = 1;
				GENERATE_INFOPLIST_FILE = YES;
				IPHONEOS_DEPLOYMENT_TARGET = 14.0;
				MARKETING_VERSION = 1.0;
				PRODUCT_BUNDLE_IDENTIFIER = com.vidiseekr.SeekrInternal;
				PRODUCT_NAME = "$(TARGET_NAME)";
				SWIFT_ACTIVE_COMPILATION_CONDITIONS = DEBUG;
				SWIFT_OPTIMIZATION_LEVEL = "-Onone";
				SWIFT_VERSION = 5.0;
				TEST_HOST = "$(BUILT_PRODUCTS_DIR)/Runner.app/$(BUNDLE_EXECUTABLE_FOLDER_PATH)/Runner";
			};
			name = Debug;
		};
		331C8089294A63A400263BE5 /* Release */ = {
			isa = XCBuildConfiguration;
			baseConfigurationReference = FB48B20528B9D25F5DEBEA97 /* Pods-RunnerTests.release.xcconfig */;
			buildSettings = {
				BUNDLE_LOADER = "$(TEST_HOST)";
				CODE_SIGN_STYLE = Automatic;
				CURRENT_PROJECT_VERSION = 1;
				GENERATE_INFOPLIST_FILE = YES;
				IPHONEOS_DEPLOYMENT_TARGET = 14.0;
				MARKETING_VERSION = 1.0;
				PRODUCT_BUNDLE_IDENTIFIER = com.vidiseekr.SeekrInternal;
				PRODUCT_NAME = "$(TARGET_NAME)";
				SWIFT_VERSION = 5.0;
				TEST_HOST = "$(BUILT_PRODUCTS_DIR)/Runner.app/$(BUNDLE_EXECUTABLE_FOLDER_PATH)/Runner";
			};
			name = Release;
		};
		331C808A294A63A400263BE5 /* Profile */ = {
			isa = XCBuildConfiguration;
			baseConfigurationReference = E1B9DA8838B24279B4A03D5D /* Pods-RunnerTests.profile.xcconfig */;
			buildSettings = {
				BUNDLE_LOADER = "$(TEST_HOST)";
				CODE_SIGN_STYLE = Automatic;
				CURRENT_PROJECT_VERSION = 1;
				GENERATE_INFOPLIST_FILE = YES;
				IPHONEOS_DEPLOYMENT_TARGET = 14.0;
				MARKETING_VERSION = 1.0;
				PRODUCT_BUNDLE_IDENTIFIER = com.vidiseekr.SeekrInternal;
				PRODUCT_NAME = "$(TARGET_NAME)";
				SWIFT_VERSION = 5.0;
				TEST_HOST = "$(BUILT_PRODUCTS_DIR)/Runner.app/$(BUNDLE_EXECUTABLE_FOLDER_PATH)/Runner";
			};
			name = Profile;
		};
		97C147031CF9000F007C117D /* Debug */ = {
			isa = XCBuildConfiguration;
			buildSettings = {
				ALWAYS_SEARCH_USER_PATHS = NO;
				CLANG_ANALYZER_NONNULL = YES;
				CLANG_CXX_LANGUAGE_STANDARD = "gnu++0x";
				CLANG_CXX_LIBRARY = "libc++";
				CLANG_ENABLE_MODULES = YES;
				CLANG_ENABLE_OBJC_ARC = YES;
				CLANG_WARN_BLOCK_CAPTURE_AUTORELEASING = YES;
				CLANG_WARN_BOOL_CONVERSION = YES;
				CLANG_WARN_COMMA = YES;
				CLANG_WARN_CONSTANT_CONVERSION = YES;
				CLANG_WARN_DEPRECATED_OBJC_IMPLEMENTATIONS = YES;
				CLANG_WARN_DIRECT_OBJC_ISA_USAGE = YES_ERROR;
				CLANG_WARN_EMPTY_BODY = YES;
				CLANG_WARN_ENUM_CONVERSION = YES;
				CLANG_WARN_INFINITE_RECURSION = YES;
				CLANG_WARN_INT_CONVERSION = YES;
				CLANG_WARN_NON_LITERAL_NULL_CONVERSION = YES;
				CLANG_WARN_OBJC_IMPLICIT_RETAIN_SELF = YES;
				CLANG_WARN_OBJC_LITERAL_CONVERSION = YES;
				CLANG_WARN_OBJC_ROOT_CLASS = YES_ERROR;
				CLANG_WARN_QUOTED_INCLUDE_IN_FRAMEWORK_HEADER = YES;
				CLANG_WARN_RANGE_LOOP_ANALYSIS = YES;
				CLANG_WARN_STRICT_PROTOTYPES = YES;
				CLANG_WARN_SUSPICIOUS_MOVE = YES;
				CLANG_WARN_UNREACHABLE_CODE = YES;
				CLANG_WARN__DUPLICATE_METHOD_MATCH = YES;
				"CODE_SIGN_IDENTITY[sdk=iphoneos*]" = "iPhone Developer";
				COPY_PHASE_STRIP = NO;
				DEBUG_INFORMATION_FORMAT = dwarf;
				ENABLE_STRICT_OBJC_MSGSEND = YES;
				ENABLE_TESTABILITY = YES;
				ENABLE_USER_SCRIPT_SANDBOXING = NO;
				GCC_C_LANGUAGE_STANDARD = gnu99;
				GCC_DYNAMIC_NO_PIC = NO;
				GCC_NO_COMMON_BLOCKS = YES;
				GCC_OPTIMIZATION_LEVEL = 0;
				GCC_PREPROCESSOR_DEFINITIONS = (
					"DEBUG=1",
					"$(inherited)",
				);
				GCC_WARN_64_TO_32_BIT_CONVERSION = YES;
				GCC_WARN_ABOUT_RETURN_TYPE = YES_ERROR;
				GCC_WARN_UNDECLARED_SELECTOR = YES;
				GCC_WARN_UNINITIALIZED_AUTOS = YES_AGGRESSIVE;
				GCC_WARN_UNUSED_FUNCTION = YES;
				GCC_WARN_UNUSED_VARIABLE = YES;
				IPHONEOS_DEPLOYMENT_TARGET = 12.0;
				MTL_ENABLE_DEBUG_INFO = YES;
				ONLY_ACTIVE_ARCH = YES;
				SDKROOT = iphoneos;
				TARGETED_DEVICE_FAMILY = "1,2";
			};
			name = Debug;
		};
		97C147041CF9000F007C117D /* Release */ = {
			isa = XCBuildConfiguration;
			buildSettings = {
				ALWAYS_SEARCH_USER_PATHS = NO;
				CLANG_ANALYZER_NONNULL = YES;
				CLANG_CXX_LANGUAGE_STANDARD = "gnu++0x";
				CLANG_CXX_LIBRARY = "libc++";
				CLANG_ENABLE_MODULES = YES;
				CLANG_ENABLE_OBJC_ARC = YES;
				CLANG_WARN_BLOCK_CAPTURE_AUTORELEASING = YES;
				CLANG_WARN_BOOL_CONVERSION = YES;
				CLANG_WARN_COMMA = YES;
				CLANG_WARN_CONSTANT_CONVERSION = YES;
				CLANG_WARN_DEPRECATED_OBJC_IMPLEMENTATIONS = YES;
				CLANG_WARN_DIRECT_OBJC_ISA_USAGE = YES_ERROR;
				CLANG_WARN_EMPTY_BODY = YES;
				CLANG_WARN_ENUM_CONVERSION = YES;
				CLANG_WARN_INFINITE_RECURSION = YES;
				CLANG_WARN_INT_CONVERSION = YES;
				CLANG_WARN_NON_LITERAL_NULL_CONVERSION = YES;
				CLANG_WARN_OBJC_IMPLICIT_RETAIN_SELF = YES;
				CLANG_WARN_OBJC_LITERAL_CONVERSION = YES;
				CLANG_WARN_OBJC_ROOT_CLASS = YES_ERROR;
				CLANG_WARN_QUOTED_INCLUDE_IN_FRAMEWORK_HEADER = YES;
				CLANG_WARN_RANGE_LOOP_ANALYSIS = YES;
				CLANG_WARN_STRICT_PROTOTYPES = YES;
				CLANG_WARN_SUSPICIOUS_MOVE = YES;
				CLANG_WARN_UNREACHABLE_CODE = YES;
				CLANG_WARN__DUPLICATE_METHOD_MATCH = YES;
				"CODE_SIGN_IDENTITY[sdk=iphoneos*]" = "iPhone Developer";
				COPY_PHASE_STRIP = NO;
				DEBUG_INFORMATION_FORMAT = "dwarf-with-dsym";
				ENABLE_NS_ASSERTIONS = NO;
				ENABLE_STRICT_OBJC_MSGSEND = YES;
				ENABLE_USER_SCRIPT_SANDBOXING = NO;
				GCC_C_LANGUAGE_STANDARD = gnu99;
				GCC_NO_COMMON_BLOCKS = YES;
				GCC_WARN_64_TO_32_BIT_CONVERSION = YES;
				GCC_WARN_ABOUT_RETURN_TYPE = YES_ERROR;
				GCC_WARN_UNDECLARED_SELECTOR = YES;
				GCC_WARN_UNINITIALIZED_AUTOS = YES_AGGRESSIVE;
				GCC_WARN_UNUSED_FUNCTION = YES;
				GCC_WARN_UNUSED_VARIABLE = YES;
				IPHONEOS_DEPLOYMENT_TARGET = 12.0;
				MTL_ENABLE_DEBUG_INFO = NO;
				SDKROOT = iphoneos;
				SUPPORTED_PLATFORMS = iphoneos;
				SWIFT_COMPILATION_MODE = wholemodule;
				SWIFT_OPTIMIZATION_LEVEL = "-O";
				TARGETED_DEVICE_FAMILY = "1,2";
				VALIDATE_PRODUCT = YES;
			};
			name = Release;
		};
		97C147061CF9000F007C117D /* Debug */ = {
			isa = XCBuildConfiguration;
			baseConfigurationReference = 9740EEB21CF90195004384FC /* Debug.xcconfig */;
			buildSettings = {
				ASSETCATALOG_COMPILER_APPICON_NAME = AppIcon;
				CLANG_ALLOW_NON_MODULAR_INCLUDES_IN_FRAMEWORK_MODULES = YES;
				CLANG_ENABLE_MODULES = YES;
				CODE_SIGN_ENTITLEMENTS = Runner/Runner.entitlements;
				CODE_SIGN_IDENTITY = "Apple Development";
				CODE_SIGN_STYLE = Automatic;
				CURRENT_PROJECT_VERSION = 20;
				DEBUG_INFORMATION_FORMAT = "dwarf-with-dsym";
				DEVELOPMENT_TEAM = K5455KU63B;
				ENABLE_BITCODE = NO;
				HEADER_SEARCH_PATHS = (
					"$(inherited)",
					"\"${PODS_CONFIGURATION_BUILD_DIR}/Airwallex/Airwallex.framework/Headers\"",
					"\"${PODS_CONFIGURATION_BUILD_DIR}/AppAuth/AppAuth.framework/Headers\"",
					"\"${PODS_CONFIGURATION_BUILD_DIR}/FirebaseAppCheckInterop/FirebaseAppCheckInterop.framework/Headers\"",
					"\"${PODS_CONFIGURATION_BUILD_DIR}/FirebaseAuth/FirebaseAuth.framework/Headers\"",
					"\"${PODS_CONFIGURATION_BUILD_DIR}/FirebaseAuthInterop/FirebaseAuthInterop.framework/Headers\"",
					"\"${PODS_CONFIGURATION_BUILD_DIR}/FirebaseCore/FirebaseCore.framework/Headers\"",
					"\"${PODS_CONFIGURATION_BUILD_DIR}/FirebaseCoreExtension/FirebaseCoreExtension.framework/Headers\"",
					"\"${PODS_CONFIGURATION_BUILD_DIR}/FirebaseCoreInternal/FirebaseCoreInternal.framework/Headers\"",
					"\"${PODS_CONFIGURATION_BUILD_DIR}/FirebaseCrashlytics/FirebaseCrashlytics.framework/Headers\"",
					"\"${PODS_CONFIGURATION_BUILD_DIR}/FirebaseInstallations/FirebaseInstallations.framework/Headers\"",
					"\"${PODS_CONFIGURATION_BUILD_DIR}/FirebaseRemoteConfigInterop/FirebaseRemoteConfigInterop.framework/Headers\"",
					"\"${PODS_CONFIGURATION_BUILD_DIR}/FirebaseSessions/FirebaseSessions.framework/Headers\"",
					"\"${PODS_CONFIGURATION_BUILD_DIR}/GTMAppAuth/GTMAppAuth.framework/Headers\"",
					"\"${PODS_CONFIGURATION_BUILD_DIR}/GTMSessionFetcher/GTMSessionFetcher.framework/Headers\"",
					"\"${PODS_CONFIGURATION_BUILD_DIR}/GoogleDataTransport/GoogleDataTransport.framework/Headers\"",
					"\"${PODS_CONFIGURATION_BUILD_DIR}/GoogleSignIn/GoogleSignIn.framework/Headers\"",
					"\"${PODS_CONFIGURATION_BUILD_DIR}/GoogleToolboxForMac/GoogleToolboxForMac.framework/Headers\"",
					"\"${PODS_CONFIGURATION_BUILD_DIR}/GoogleUtilities/GoogleUtilities.framework/Headers\"",
					"\"${PODS_CONFIGURATION_BUILD_DIR}/Mantle/Mantle.framework/Headers\"",
					"\"${PODS_CONFIGURATION_BUILD_DIR}/PromisesObjC/FBLPromises.framework/Headers\"",
					"\"${PODS_CONFIGURATION_BUILD_DIR}/PromisesSwift/Promises.framework/Headers\"",
					"\"${PODS_CONFIGURATION_BUILD_DIR}/ReachabilitySwift/Reachability.framework/Headers\"",
					"\"${PODS_CONFIGURATION_BUILD_DIR}/RecaptchaInterop/RecaptchaInterop.framework/Headers\"",
					"\"${PODS_CONFIGURATION_BUILD_DIR}/SDWebImage/SDWebImage.framework/Headers\"",
					"\"${PODS_CONFIGURATION_BUILD_DIR}/SDWebImageWebPCoder/SDWebImageWebPCoder.framework/Headers\"",
					"\"${PODS_CONFIGURATION_BUILD_DIR}/SSZipArchive/SSZipArchive.framework/Headers\"",
					"\"${PODS_CONFIGURATION_BUILD_DIR}/SWXMLHash/SWXMLHash.framework/Headers\"",
					"\"${PODS_CONFIGURATION_BUILD_DIR}/Socket.IO-Client-Swift/SocketIO.framework/Headers\"",
					"\"${PODS_CONFIGURATION_BUILD_DIR}/Starscream/Starscream.framework/Headers\"",
					"\"${PODS_CONFIGURATION_BUILD_DIR}/SwiftSoup/SwiftSoup.framework/Headers\"",
					"\"${PODS_CONFIGURATION_BUILD_DIR}/airwallex_payment_flutter/airwallex_payment_flutter.framework/Headers\"",
					"\"${PODS_CONFIGURATION_BUILD_DIR}/audio_plus/audio_plus.framework/Headers\"",
					"\"${PODS_CONFIGURATION_BUILD_DIR}/camera_avfoundation/camera_avfoundation.framework/Headers\"",
					"\"${PODS_CONFIGURATION_BUILD_DIR}/connectivity_plus/connectivity_plus.framework/Headers\"",
					"\"${PODS_CONFIGURATION_BUILD_DIR}/device_info_plus/device_info_plus.framework/Headers\"",
					"\"${PODS_CONFIGURATION_BUILD_DIR}/firebase_auth/firebase_auth.framework/Headers\"",
					"\"${PODS_CONFIGURATION_BUILD_DIR}/firebase_core/firebase_core.framework/Headers\"",
					"\"${PODS_CONFIGURATION_BUILD_DIR}/firebase_crashlytics/firebase_crashlytics.framework/Headers\"",
					"\"${PODS_CONFIGURATION_BUILD_DIR}/flutter_image_compress_common/flutter_image_compress_common.framework/Headers\"",
					"\"${PODS_CONFIGURATION_BUILD_DIR}/flutter_tts/flutter_tts.framework/Headers\"",
					"\"${PODS_CONFIGURATION_BUILD_DIR}/geocoding_ios/geocoding_ios.framework/Headers\"",
					"\"${PODS_CONFIGURATION_BUILD_DIR}/geolocator_apple/geolocator_apple.framework/Headers\"",
					"\"${PODS_CONFIGURATION_BUILD_DIR}/google_sign_in_ios/google_sign_in_ios.framework/Headers\"",
					"\"${PODS_CONFIGURATION_BUILD_DIR}/image_picker_ios/image_picker_ios.framework/Headers\"",
					"\"${PODS_CONFIGURATION_BUILD_DIR}/libwebp/libwebp.framework/Headers\"",
					"\"${PODS_CONFIGURATION_BUILD_DIR}/nanopb/nanopb.framework/Headers\"",
					"\"${PODS_CONFIGURATION_BUILD_DIR}/network_info_plus/network_info_plus.framework/Headers\"",
					"\"${PODS_CONFIGURATION_BUILD_DIR}/path_provider_foundation/path_provider_foundation.framework/Headers\"",
					"\"${PODS_CONFIGURATION_BUILD_DIR}/permission_handler_apple/permission_handler_apple.framework/Headers\"",
					"\"${PODS_CONFIGURATION_BUILD_DIR}/share_plus/share_plus.framework/Headers\"",
					"\"${PODS_CONFIGURATION_BUILD_DIR}/shared_preferences_foundation/shared_preferences_foundation.framework/Headers\"",
					"\"${PODS_CONFIGURATION_BUILD_DIR}/url_launcher_ios/url_launcher_ios.framework/Headers\"",
					"\"${PODS_ROOT}/Headers/Public\"",
					"\"${PODS_ROOT}/Headers/Public/Firebase\"",
					"\"${PODS_ROOT}/Headers/Public/GoogleMLKit\"",
					"$(inherited)",
					"${PODS_ROOT}/Firebase/CoreOnly/Sources",
					"$(inherited)",
					"${PODS_ROOT}/GoogleMLKit/MLKitCore/Sources",
				);
				INFOPLIST_FILE = Runner/Info.plist;
				IPHONEOS_DEPLOYMENT_TARGET = 15.6;
				LD_RUNPATH_SEARCH_PATHS = (
					"$(inherited)",
					"@executable_path/Frameworks",
				);
				PRODUCT_BUNDLE_IDENTIFIER = "com.vidiseekr.SeekrInternal-dev";
				PRODUCT_NAME = "$(TARGET_NAME)";
				PROVISIONING_PROFILE_SPECIFIER = "";
				SUPPORTED_PLATFORMS = "iphoneos iphonesimulator";
				SUPPORTS_MACCATALYST = NO;
				SUPPORTS_MAC_DESIGNED_FOR_IPHONE_IPAD = NO;
				SUPPORTS_XR_DESIGNED_FOR_IPHONE_IPAD = NO;
				SWIFT_OBJC_BRIDGING_HEADER = "Runner/Runner-Bridging-Header.h";
				SWIFT_OPTIMIZATION_LEVEL = "-Onone";
				SWIFT_VERSION = 5.0;
				TARGETED_DEVICE_FAMILY = "1,2";
				VERSIONING_SYSTEM = "apple-generic";
			};
			name = Debug;
		};
		97C147071CF9000F007C117D /* Release */ = {
			isa = XCBuildConfiguration;
			baseConfigurationReference = 7AFA3C8E1D35360C0083082E /* Release.xcconfig */;
			buildSettings = {
				ASSETCATALOG_COMPILER_APPICON_NAME = AppIcon;
				CLANG_ALLOW_NON_MODULAR_INCLUDES_IN_FRAMEWORK_MODULES = YES;
				CLANG_ENABLE_MODULES = YES;
				CODE_SIGN_ENTITLEMENTS = Runner/Runner.entitlements;
				CODE_SIGN_IDENTITY = "Apple Development";
				CODE_SIGN_STYLE = Automatic;
				CURRENT_PROJECT_VERSION = 20;
				DEVELOPMENT_TEAM = K5455KU63B;
				ENABLE_BITCODE = NO;
				HEADER_SEARCH_PATHS = (
					"$(inherited)",
					"\"${PODS_CONFIGURATION_BUILD_DIR}/Airwallex/Airwallex.framework/Headers\"",
					"\"${PODS_CONFIGURATION_BUILD_DIR}/AppAuth/AppAuth.framework/Headers\"",
					"\"${PODS_CONFIGURATION_BUILD_DIR}/FirebaseAppCheckInterop/FirebaseAppCheckInterop.framework/Headers\"",
					"\"${PODS_CONFIGURATION_BUILD_DIR}/FirebaseAuth/FirebaseAuth.framework/Headers\"",
					"\"${PODS_CONFIGURATION_BUILD_DIR}/FirebaseAuthInterop/FirebaseAuthInterop.framework/Headers\"",
					"\"${PODS_CONFIGURATION_BUILD_DIR}/FirebaseCore/FirebaseCore.framework/Headers\"",
					"\"${PODS_CONFIGURATION_BUILD_DIR}/FirebaseCoreExtension/FirebaseCoreExtension.framework/Headers\"",
					"\"${PODS_CONFIGURATION_BUILD_DIR}/FirebaseCoreInternal/FirebaseCoreInternal.framework/Headers\"",
					"\"${PODS_CONFIGURATION_BUILD_DIR}/FirebaseCrashlytics/FirebaseCrashlytics.framework/Headers\"",
					"\"${PODS_CONFIGURATION_BUILD_DIR}/FirebaseInstallations/FirebaseInstallations.framework/Headers\"",
					"\"${PODS_CONFIGURATION_BUILD_DIR}/FirebaseRemoteConfigInterop/FirebaseRemoteConfigInterop.framework/Headers\"",
					"\"${PODS_CONFIGURATION_BUILD_DIR}/FirebaseSessions/FirebaseSessions.framework/Headers\"",
					"\"${PODS_CONFIGURATION_BUILD_DIR}/GTMAppAuth/GTMAppAuth.framework/Headers\"",
					"\"${PODS_CONFIGURATION_BUILD_DIR}/GTMSessionFetcher/GTMSessionFetcher.framework/Headers\"",
					"\"${PODS_CONFIGURATION_BUILD_DIR}/GoogleDataTransport/GoogleDataTransport.framework/Headers\"",
					"\"${PODS_CONFIGURATION_BUILD_DIR}/GoogleSignIn/GoogleSignIn.framework/Headers\"",
					"\"${PODS_CONFIGURATION_BUILD_DIR}/GoogleToolboxForMac/GoogleToolboxForMac.framework/Headers\"",
					"\"${PODS_CONFIGURATION_BUILD_DIR}/GoogleUtilities/GoogleUtilities.framework/Headers\"",
					"\"${PODS_CONFIGURATION_BUILD_DIR}/Mantle/Mantle.framework/Headers\"",
					"\"${PODS_CONFIGURATION_BUILD_DIR}/PromisesObjC/FBLPromises.framework/Headers\"",
					"\"${PODS_CONFIGURATION_BUILD_DIR}/PromisesSwift/Promises.framework/Headers\"",
					"\"${PODS_CONFIGURATION_BUILD_DIR}/ReachabilitySwift/Reachability.framework/Headers\"",
					"\"${PODS_CONFIGURATION_BUILD_DIR}/RecaptchaInterop/RecaptchaInterop.framework/Headers\"",
					"\"${PODS_CONFIGURATION_BUILD_DIR}/SDWebImage/SDWebImage.framework/Headers\"",
					"\"${PODS_CONFIGURATION_BUILD_DIR}/SDWebImageWebPCoder/SDWebImageWebPCoder.framework/Headers\"",
					"\"${PODS_CONFIGURATION_BUILD_DIR}/SSZipArchive/SSZipArchive.framework/Headers\"",
					"\"${PODS_CONFIGURATION_BUILD_DIR}/SWXMLHash/SWXMLHash.framework/Headers\"",
					"\"${PODS_CONFIGURATION_BUILD_DIR}/Socket.IO-Client-Swift/SocketIO.framework/Headers\"",
					"\"${PODS_CONFIGURATION_BUILD_DIR}/Starscream/Starscream.framework/Headers\"",
					"\"${PODS_CONFIGURATION_BUILD_DIR}/SwiftSoup/SwiftSoup.framework/Headers\"",
					"\"${PODS_CONFIGURATION_BUILD_DIR}/airwallex_payment_flutter/airwallex_payment_flutter.framework/Headers\"",
					"\"${PODS_CONFIGURATION_BUILD_DIR}/audio_plus/audio_plus.framework/Headers\"",
					"\"${PODS_CONFIGURATION_BUILD_DIR}/camera_avfoundation/camera_avfoundation.framework/Headers\"",
					"\"${PODS_CONFIGURATION_BUILD_DIR}/connectivity_plus/connectivity_plus.framework/Headers\"",
					"\"${PODS_CONFIGURATION_BUILD_DIR}/device_info_plus/device_info_plus.framework/Headers\"",
					"\"${PODS_CONFIGURATION_BUILD_DIR}/firebase_auth/firebase_auth.framework/Headers\"",
					"\"${PODS_CONFIGURATION_BUILD_DIR}/firebase_core/firebase_core.framework/Headers\"",
					"\"${PODS_CONFIGURATION_BUILD_DIR}/firebase_crashlytics/firebase_crashlytics.framework/Headers\"",
					"\"${PODS_CONFIGURATION_BUILD_DIR}/flutter_image_compress_common/flutter_image_compress_common.framework/Headers\"",
					"\"${PODS_CONFIGURATION_BUILD_DIR}/flutter_tts/flutter_tts.framework/Headers\"",
					"\"${PODS_CONFIGURATION_BUILD_DIR}/geocoding_ios/geocoding_ios.framework/Headers\"",
					"\"${PODS_CONFIGURATION_BUILD_DIR}/geolocator_apple/geolocator_apple.framework/Headers\"",
					"\"${PODS_CONFIGURATION_BUILD_DIR}/google_sign_in_ios/google_sign_in_ios.framework/Headers\"",
					"\"${PODS_CONFIGURATION_BUILD_DIR}/image_picker_ios/image_picker_ios.framework/Headers\"",
					"\"${PODS_CONFIGURATION_BUILD_DIR}/libwebp/libwebp.framework/Headers\"",
					"\"${PODS_CONFIGURATION_BUILD_DIR}/nanopb/nanopb.framework/Headers\"",
					"\"${PODS_CONFIGURATION_BUILD_DIR}/network_info_plus/network_info_plus.framework/Headers\"",
					"\"${PODS_CONFIGURATION_BUILD_DIR}/path_provider_foundation/path_provider_foundation.framework/Headers\"",
					"\"${PODS_CONFIGURATION_BUILD_DIR}/permission_handler_apple/permission_handler_apple.framework/Headers\"",
					"\"${PODS_CONFIGURATION_BUILD_DIR}/share_plus/share_plus.framework/Headers\"",
					"\"${PODS_CONFIGURATION_BUILD_DIR}/shared_preferences_foundation/shared_preferences_foundation.framework/Headers\"",
					"\"${PODS_CONFIGURATION_BUILD_DIR}/url_launcher_ios/url_launcher_ios.framework/Headers\"",
					"\"${PODS_ROOT}/Headers/Public\"",
					"\"${PODS_ROOT}/Headers/Public/Firebase\"",
					"\"${PODS_ROOT}/Headers/Public/GoogleMLKit\"",
					"$(inherited)",
					"${PODS_ROOT}/Firebase/CoreOnly/Sources",
					"$(inherited)",
					"${PODS_ROOT}/GoogleMLKit/MLKitCore/Sources",
				);
				INFOPLIST_FILE = Runner/Info.plist;
				IPHONEOS_DEPLOYMENT_TARGET = 15.6;
				LD_RUNPATH_SEARCH_PATHS = (
					"$(inherited)",
					"@executable_path/Frameworks",
				);
				PRODUCT_BUNDLE_IDENTIFIER = "com.vidiseekr.SeekrInternal-dev";
				PRODUCT_NAME = "$(TARGET_NAME)";
				PROVISIONING_PROFILE_SPECIFIER = "";
				SUPPORTED_PLATFORMS = "iphoneos iphonesimulator";
				SUPPORTS_MACCATALYST = NO;
				SUPPORTS_MAC_DESIGNED_FOR_IPHONE_IPAD = NO;
				SUPPORTS_XR_DESIGNED_FOR_IPHONE_IPAD = NO;
				SWIFT_OBJC_BRIDGING_HEADER = "Runner/Runner-Bridging-Header.h";
				SWIFT_VERSION = 5.0;
				TARGETED_DEVICE_FAMILY = "1,2";
				VERSIONING_SYSTEM = "apple-generic";
			};
			name = Release;
		};
/* End XCBuildConfiguration section */

/* Begin XCConfigurationList section */
		331C8087294A63A400263BE5 /* Build configuration list for PBXNativeTarget "RunnerTests" */ = {
			isa = XCConfigurationList;
			buildConfigurations = (
				331C8088294A63A400263BE5 /* Debug */,
				331C8089294A63A400263BE5 /* Release */,
				331C808A294A63A400263BE5 /* Profile */,
			);
			defaultConfigurationIsVisible = 0;
			defaultConfigurationName = Release;
		};
		97C146E91CF9000F007C117D /* Build configuration list for PBXProject "Runner" */ = {
			isa = XCConfigurationList;
			buildConfigurations = (
				97C147031CF9000F007C117D /* Debug */,
				97C147041CF9000F007C117D /* Release */,
				249021D3217E4FDB00AE95B9 /* Profile */,
			);
			defaultConfigurationIsVisible = 0;
			defaultConfigurationName = Release;
		};
		97C147051CF9000F007C117D /* Build configuration list for PBXNativeTarget "Runner" */ = {
			isa = XCConfigurationList;
			buildConfigurations = (
				97C147061CF9000F007C117D /* Debug */,
				97C147071CF9000F007C117D /* Release */,
				249021D4217E4FDB00AE95B9 /* Profile */,
			);
			defaultConfigurationIsVisible = 0;
			defaultConfigurationName = Release;
		};
/* End XCConfigurationList section */
	};
	rootObject = 97C146E61CF9000F007C117D /* Project object */;
}
